{
  "name": "scripts",
  "lockfileVersion": 3,
  "requires": true,
  "packages": {
    "": {
      "dependencies": {
        "@adobe/json-formula": "^0.1.50"
      }
    },
    "node_modules/@adobe/json-formula": {
      "version": "0.1.53",
      "resolved": "https://registry.npmjs.org/@adobe/json-formula/-/json-formula-0.1.53.tgz",
      "integrity": "sha512-5S6xQguhDGAoYE2iQuiWHQoCG+jyrl1JnSGoOtqU5ZDWiYjCq2Jz3LqxEwnSEXEIMsHqNrbkE9zlLbmmMvXgvg==",
      "license": "Apache-2.0",
      "engines": {
        "node": ">=16.0.0"
      }
    }
  }
}
